
Microsoft Visual Studio Solution File, Format Version 12.00
# Visual Studio Version 16
VisualStudioVersion = 16.0.31129.286
MinimumVisualStudioVersion = 10.0.40219.1
Project("{9A19103F-16F7-4668-BE54-9A1E7A4F7556}") = "VectorMaker", "VectorMaker\VectorMaker.csproj", "{69741536-3F23-4589-A589-C0A851BAE54D}"
EndProject
Project("{9A19103F-16F7-4668-BE54-9A1E7A4F7556}") = "SVG_XAML_Converter", "SVG_XAML_Converter\SVG_XAML_Converter.csproj", "{C93D62D6-9ED4-469A-A72A-54828B8D1EB7}"
EndProject
Project("{9A19103F-16F7-4668-BE54-9A1E7A4F7556}") = "SVG_XAML_Converter_Lib", "SVG_XAML_Converter2\SVG_XAML_Converter_Lib.csproj", "{92CE407F-0CB0-4242-BBE6-3B1D187A4375}"
EndProject
Project("{54435603-DBB4-11D2-8724-00A0C9A8B90C}") = "Setup", "Setup\Setup.vdproj", "{7FC84205-9232-468D-8ADE-3E5A748E4426}"
EndProject
Global
	GlobalSection(SolutionConfigurationPlatforms) = preSolution
		Debug|Any CPU = Debug|Any CPU
		Release|Any CPU = Release|Any CPU
	EndGlobalSection
	GlobalSection(ProjectConfigurationPlatforms) = postSolution
		{69741536-3F23-4589-A589-C0A851BAE54D}.Debug|Any CPU.ActiveCfg = Debug|Any CPU
		{69741536-3F23-4589-A589-C0A851BAE54D}.Debug|Any CPU.Build.0 = Debug|Any CPU
		{69741536-3F23-4589-A589-C0A851BAE54D}.Release|Any CPU.ActiveCfg = Release|Any CPU
		{69741536-3F23-4589-A589-C0A851BAE54D}.Release|Any CPU.Build.0 = Release|Any CPU
		{C93D62D6-9ED4-469A-A72A-54828B8D1EB7}.Debug|Any CPU.ActiveCfg = Debug|Any CPU
		{C93D62D6-9ED4-469A-A72A-54828B8D1EB7}.Debug|Any CPU.Build.0 = Debug|Any CPU
		{C93D62D6-9ED4-469A-A72A-54828B8D1EB7}.Release|Any CPU.ActiveCfg = Release|Any CPU
		{C93D62D6-9ED4-469A-A72A-54828B8D1EB7}.Release|Any CPU.Build.0 = Release|Any CPU
		{92CE407F-0CB0-4242-BBE6-3B1D187A4375}.Debug|Any CPU.ActiveCfg = Debug|Any CPU
		{92CE407F-0CB0-4242-BBE6-3B1D187A4375}.Debug|Any CPU.Build.0 = Debug|Any CPU
		{92CE407F-0CB0-4242-BBE6-3B1D187A4375}.Release|Any CPU.ActiveCfg = Release|Any CPU
		{92CE407F-0CB0-4242-BBE6-3B1D187A4375}.Release|Any CPU.Build.0 = Release|Any CPU
		{7FC84205-9232-468D-8ADE-3E5A748E4426}.Debug|Any CPU.ActiveCfg = Debug
		{7FC84205-9232-468D-8ADE-3E5A748E4426}.Release|Any CPU.ActiveCfg = Release
	EndGlobalSection
	GlobalSection(SolutionProperties) = preSolution
		HideSolutionNode = FALSE
	EndGlobalSection
	GlobalSection(ExtensibilityGlobals) = postSolution
		SolutionGuid = {D2631374-5DDF-4D5D-ABCF-BA7CBADCE21B}
	EndGlobalSection
EndGlobal
